
Microsoft Visual Studio Solution File, Format Version 12.00
# Visual Studio Version 16
VisualStudioVersion = 16.0.30523.141
MinimumVisualStudioVersion = 10.0.40219.1
Project("{FAE04EC0-301F-11D3-BF4B-00C04F79EFBC}") = "10102020dz", "10102020dz.csproj", "{711165A7-320E-4F5D-8CBC-14B46BFBAA1F}"
EndProject
Global
	GlobalSection(SolutionConfigurationPlatforms) = preSolution
		Debug|Any CPU = Debug|Any CPU
		Release|Any CPU = Release|Any CPU
	EndGlobalSection
	GlobalSection(ProjectConfigurationPlatforms) = postSolution
		{711165A7-320E-4F5D-8CBC-14B46BFBAA1F}.Debug|Any CPU.ActiveCfg = Debug|Any CPU
		{711165A7-320E-4F5D-8CBC-14B46BFBAA1F}.Debug|Any CPU.Build.0 = Debug|Any CPU
		{711165A7-320E-4F5D-8CBC-14B46BFBAA1F}.Release|Any CPU.ActiveCfg = Release|Any CPU
		{711165A7-320E-4F5D-8CBC-14B46BFBAA1F}.Release|Any CPU.Build.0 = Release|Any CPU
	EndGlobalSection
	GlobalSection(SolutionProperties) = preSolution
		HideSolutionNode = FALSE
	EndGlobalSection
	GlobalSection(ExtensibilityGlobals) = postSolution
		SolutionGuid = {6B70EB87-6A86-4472-8924-6F9C451AAD98}
	EndGlobalSection
EndGlobal
